
Microsoft Visual Studio Solution File, Format Version 12.00
# Visual Studio Version 17
VisualStudioVersion = 17.14.36511.14 d17.14
MinimumVisualStudioVersion = 10.0.40219.1
Project("{FAE04EC0-301F-11D3-BF4B-00C04F79EFBC}") = "CW-14", "CW-14\CW-14.csproj", "{8A0E2FAA-A6C2-44A8-92F7-88E1872D8142}"
EndProject
Global
	GlobalSection(SolutionConfigurationPlatforms) = preSolution
		Debug|Any CPU = Debug|Any CPU
		Release|Any CPU = Release|Any CPU
	EndGlobalSection
	GlobalSection(ProjectConfigurationPlatforms) = postSolution
		{8A0E2FAA-A6C2-44A8-92F7-88E1872D8142}.Debug|Any CPU.ActiveCfg = Debug|Any CPU
		{8A0E2FAA-A6C2-44A8-92F7-88E1872D8142}.Debug|Any CPU.Build.0 = Debug|Any CPU
		{8A0E2FAA-A6C2-44A8-92F7-88E1872D8142}.Release|Any CPU.ActiveCfg = Release|Any CPU
		{8A0E2FAA-A6C2-44A8-92F7-88E1872D8142}.Release|Any CPU.Build.0 = Release|Any CPU
	EndGlobalSection
	GlobalSection(SolutionProperties) = preSolution
		HideSolutionNode = FALSE
	EndGlobalSection
	GlobalSection(ExtensibilityGlobals) = postSolution
		SolutionGuid = {9C51E6AB-AF59-4536-9F2B-5302E4C88CFB}
	EndGlobalSection
EndGlobal
