
Microsoft Visual Studio Solution File, Format Version 12.00
# Visual Studio Version 17
VisualStudioVersion = 17.14.36511.14 d17.14
MinimumVisualStudioVersion = 10.0.40219.1
Project("{FAE04EC0-301F-11D3-BF4B-00C04F79EFBC}") = "N-2.29", "N-2.29\N-2.29.csproj", "{0969C212-C289-45BE-9881-956A0A6F6F13}"
EndProject
Global
	GlobalSection(SolutionConfigurationPlatforms) = preSolution
		Debug|Any CPU = Debug|Any CPU
		Release|Any CPU = Release|Any CPU
	EndGlobalSection
	GlobalSection(ProjectConfigurationPlatforms) = postSolution
		{0969C212-C289-45BE-9881-956A0A6F6F13}.Debug|Any CPU.ActiveCfg = Debug|Any CPU
		{0969C212-C289-45BE-9881-956A0A6F6F13}.Debug|Any CPU.Build.0 = Debug|Any CPU
		{0969C212-C289-45BE-9881-956A0A6F6F13}.Release|Any CPU.ActiveCfg = Release|Any CPU
		{0969C212-C289-45BE-9881-956A0A6F6F13}.Release|Any CPU.Build.0 = Release|Any CPU
	EndGlobalSection
	GlobalSection(SolutionProperties) = preSolution
		HideSolutionNode = FALSE
	EndGlobalSection
	GlobalSection(ExtensibilityGlobals) = postSolution
		SolutionGuid = {21090AFC-7118-4DA4-BED7-13FC9E263768}
	EndGlobalSection
EndGlobal
