
Microsoft Visual Studio Solution File, Format Version 12.00
# Visual Studio Version 17
VisualStudioVersion = 17.14.36511.14 d17.14
MinimumVisualStudioVersion = 10.0.40219.1
Project("{FAE04EC0-301F-11D3-BF4B-00C04F79EFBC}") = "N-2.5", "N-2.5\N-2.5.csproj", "{33546696-7A34-489F-9C26-C2D6AA0BDFAD}"
EndProject
Global
	GlobalSection(SolutionConfigurationPlatforms) = preSolution
		Debug|Any CPU = Debug|Any CPU
		Release|Any CPU = Release|Any CPU
	EndGlobalSection
	GlobalSection(ProjectConfigurationPlatforms) = postSolution
		{33546696-7A34-489F-9C26-C2D6AA0BDFAD}.Debug|Any CPU.ActiveCfg = Debug|Any CPU
		{33546696-7A34-489F-9C26-C2D6AA0BDFAD}.Debug|Any CPU.Build.0 = Debug|Any CPU
		{33546696-7A34-489F-9C26-C2D6AA0BDFAD}.Release|Any CPU.ActiveCfg = Release|Any CPU
		{33546696-7A34-489F-9C26-C2D6AA0BDFAD}.Release|Any CPU.Build.0 = Release|Any CPU
	EndGlobalSection
	GlobalSection(SolutionProperties) = preSolution
		HideSolutionNode = FALSE
	EndGlobalSection
	GlobalSection(ExtensibilityGlobals) = postSolution
		SolutionGuid = {62EB7151-BBE0-4796-A5F4-89711F363849}
	EndGlobalSection
EndGlobal
