
Microsoft Visual Studio Solution File, Format Version 12.00
# Visual Studio Version 17
VisualStudioVersion = 17.14.36511.14 d17.14
MinimumVisualStudioVersion = 10.0.40219.1
Project("{FAE04EC0-301F-11D3-BF4B-00C04F79EFBC}") = "Console12", "Console12\Console12.csproj", "{DE916E19-C39F-464F-90EE-3DC449EAC6F6}"
EndProject
Global
	GlobalSection(SolutionConfigurationPlatforms) = preSolution
		Debug|Any CPU = Debug|Any CPU
		Release|Any CPU = Release|Any CPU
	EndGlobalSection
	GlobalSection(ProjectConfigurationPlatforms) = postSolution
		{DE916E19-C39F-464F-90EE-3DC449EAC6F6}.Debug|Any CPU.ActiveCfg = Debug|Any CPU
		{DE916E19-C39F-464F-90EE-3DC449EAC6F6}.Debug|Any CPU.Build.0 = Debug|Any CPU
		{DE916E19-C39F-464F-90EE-3DC449EAC6F6}.Release|Any CPU.ActiveCfg = Release|Any CPU
		{DE916E19-C39F-464F-90EE-3DC449EAC6F6}.Release|Any CPU.Build.0 = Release|Any CPU
	EndGlobalSection
	GlobalSection(SolutionProperties) = preSolution
		HideSolutionNode = FALSE
	EndGlobalSection
	GlobalSection(ExtensibilityGlobals) = postSolution
		SolutionGuid = {E1341A1B-F325-4D6C-A719-156DB100D6AD}
	EndGlobalSection
EndGlobal
