
Microsoft Visual Studio Solution File, Format Version 12.00
# Visual Studio Version 16
VisualStudioVersion = 16.0.36422.26
MinimumVisualStudioVersion = 10.0.40219.1
Project("{FAE04EC0-301F-11D3-BF4B-00C04F79EFBC}") = "N-2.18", "N-2.18\N-2.18.csproj", "{966B02DA-5CC2-49E3-986F-50F8C87B96B6}"
EndProject
Global
	GlobalSection(SolutionConfigurationPlatforms) = preSolution
		Debug|Any CPU = Debug|Any CPU
		Release|Any CPU = Release|Any CPU
	EndGlobalSection
	GlobalSection(ProjectConfigurationPlatforms) = postSolution
		{966B02DA-5CC2-49E3-986F-50F8C87B96B6}.Debug|Any CPU.ActiveCfg = Debug|Any CPU
		{966B02DA-5CC2-49E3-986F-50F8C87B96B6}.Debug|Any CPU.Build.0 = Debug|Any CPU
		{966B02DA-5CC2-49E3-986F-50F8C87B96B6}.Release|Any CPU.ActiveCfg = Release|Any CPU
		{966B02DA-5CC2-49E3-986F-50F8C87B96B6}.Release|Any CPU.Build.0 = Release|Any CPU
	EndGlobalSection
	GlobalSection(SolutionProperties) = preSolution
		HideSolutionNode = FALSE
	EndGlobalSection
	GlobalSection(ExtensibilityGlobals) = postSolution
		SolutionGuid = {8CB648AF-025B-412D-B6B6-7A52E51067EF}
	EndGlobalSection
EndGlobal
