
Microsoft Visual Studio Solution File, Format Version 12.00
# Visual Studio Version 16
VisualStudioVersion = 16.0.36422.26
MinimumVisualStudioVersion = 10.0.40219.1
Project("{FAE04EC0-301F-11D3-BF4B-00C04F79EFBC}") = "N-2.15", "N-2.15\N-2.15.csproj", "{A1CCE4F0-F33F-491A-AC58-FB195201F337}"
EndProject
Global
	GlobalSection(SolutionConfigurationPlatforms) = preSolution
		Debug|Any CPU = Debug|Any CPU
		Release|Any CPU = Release|Any CPU
	EndGlobalSection
	GlobalSection(ProjectConfigurationPlatforms) = postSolution
		{A1CCE4F0-F33F-491A-AC58-FB195201F337}.Debug|Any CPU.ActiveCfg = Debug|Any CPU
		{A1CCE4F0-F33F-491A-AC58-FB195201F337}.Debug|Any CPU.Build.0 = Debug|Any CPU
		{A1CCE4F0-F33F-491A-AC58-FB195201F337}.Release|Any CPU.ActiveCfg = Release|Any CPU
		{A1CCE4F0-F33F-491A-AC58-FB195201F337}.Release|Any CPU.Build.0 = Release|Any CPU
	EndGlobalSection
	GlobalSection(SolutionProperties) = preSolution
		HideSolutionNode = FALSE
	EndGlobalSection
	GlobalSection(ExtensibilityGlobals) = postSolution
		SolutionGuid = {460E878B-118F-489B-901C-9B2B79F3C0FD}
	EndGlobalSection
EndGlobal
