
Microsoft Visual Studio Solution File, Format Version 12.00
# Visual Studio Version 17
VisualStudioVersion = 17.14.36511.14 d17.14
MinimumVisualStudioVersion = 10.0.40219.1
Project("{FAE04EC0-301F-11D3-BF4B-00C04F79EFBC}") = "Sw110", "Sw110\Sw110.csproj", "{EC9BEF20-A89B-4E45-9D18-E26B26A82AB5}"
EndProject
Global
	GlobalSection(SolutionConfigurationPlatforms) = preSolution
		Debug|Any CPU = Debug|Any CPU
		Release|Any CPU = Release|Any CPU
	EndGlobalSection
	GlobalSection(ProjectConfigurationPlatforms) = postSolution
		{EC9BEF20-A89B-4E45-9D18-E26B26A82AB5}.Debug|Any CPU.ActiveCfg = Debug|Any CPU
		{EC9BEF20-A89B-4E45-9D18-E26B26A82AB5}.Debug|Any CPU.Build.0 = Debug|Any CPU
		{EC9BEF20-A89B-4E45-9D18-E26B26A82AB5}.Release|Any CPU.ActiveCfg = Release|Any CPU
		{EC9BEF20-A89B-4E45-9D18-E26B26A82AB5}.Release|Any CPU.Build.0 = Release|Any CPU
	EndGlobalSection
	GlobalSection(SolutionProperties) = preSolution
		HideSolutionNode = FALSE
	EndGlobalSection
	GlobalSection(ExtensibilityGlobals) = postSolution
		SolutionGuid = {84933628-C3EF-4CCC-B6EC-9E0BC04EFCE2}
	EndGlobalSection
EndGlobal
