
Microsoft Visual Studio Solution File, Format Version 12.00
# Visual Studio Version 17
VisualStudioVersion = 17.14.36511.14 d17.14
MinimumVisualStudioVersion = 10.0.40219.1
Project("{FAE04EC0-301F-11D3-BF4B-00C04F79EFBC}") = "N-2.23", "N-2.23\N-2.23.csproj", "{4A930E5F-BD46-4CFF-BF0F-8DDB8947D376}"
EndProject
Global
	GlobalSection(SolutionConfigurationPlatforms) = preSolution
		Debug|Any CPU = Debug|Any CPU
		Release|Any CPU = Release|Any CPU
	EndGlobalSection
	GlobalSection(ProjectConfigurationPlatforms) = postSolution
		{4A930E5F-BD46-4CFF-BF0F-8DDB8947D376}.Debug|Any CPU.ActiveCfg = Debug|Any CPU
		{4A930E5F-BD46-4CFF-BF0F-8DDB8947D376}.Debug|Any CPU.Build.0 = Debug|Any CPU
		{4A930E5F-BD46-4CFF-BF0F-8DDB8947D376}.Release|Any CPU.ActiveCfg = Release|Any CPU
		{4A930E5F-BD46-4CFF-BF0F-8DDB8947D376}.Release|Any CPU.Build.0 = Release|Any CPU
	EndGlobalSection
	GlobalSection(SolutionProperties) = preSolution
		HideSolutionNode = FALSE
	EndGlobalSection
	GlobalSection(ExtensibilityGlobals) = postSolution
		SolutionGuid = {15B80AE1-A29D-4998-A1D8-56E6E6EAB841}
	EndGlobalSection
EndGlobal
