
Microsoft Visual Studio Solution File, Format Version 12.00
# Visual Studio Version 16
VisualStudioVersion = 16.0.36422.26
MinimumVisualStudioVersion = 10.0.40219.1
Project("{FAE04EC0-301F-11D3-BF4B-00C04F79EFBC}") = "N-2.26", "N-2.26\N-2.26.csproj", "{C8621BD8-94DA-45B9-BD62-86EA8ABD8609}"
EndProject
Global
	GlobalSection(SolutionConfigurationPlatforms) = preSolution
		Debug|Any CPU = Debug|Any CPU
		Release|Any CPU = Release|Any CPU
	EndGlobalSection
	GlobalSection(ProjectConfigurationPlatforms) = postSolution
		{C8621BD8-94DA-45B9-BD62-86EA8ABD8609}.Debug|Any CPU.ActiveCfg = Debug|Any CPU
		{C8621BD8-94DA-45B9-BD62-86EA8ABD8609}.Debug|Any CPU.Build.0 = Debug|Any CPU
		{C8621BD8-94DA-45B9-BD62-86EA8ABD8609}.Release|Any CPU.ActiveCfg = Release|Any CPU
		{C8621BD8-94DA-45B9-BD62-86EA8ABD8609}.Release|Any CPU.Build.0 = Release|Any CPU
	EndGlobalSection
	GlobalSection(SolutionProperties) = preSolution
		HideSolutionNode = FALSE
	EndGlobalSection
	GlobalSection(ExtensibilityGlobals) = postSolution
		SolutionGuid = {B3DA8612-A741-4A7B-AAA9-C8A463FF7BCA}
	EndGlobalSection
EndGlobal
