
Microsoft Visual Studio Solution File, Format Version 12.00
# Visual Studio Version 17
VisualStudioVersion = 17.14.36511.14 d17.14
MinimumVisualStudioVersion = 10.0.40219.1
Project("{FAE04EC0-301F-11D3-BF4B-00C04F79EFBC}") = "CW--13", "CW--13\CW--13.csproj", "{48E90A85-9A5C-4FF1-99AA-302A0FF5447E}"
EndProject
Global
	GlobalSection(SolutionConfigurationPlatforms) = preSolution
		Debug|Any CPU = Debug|Any CPU
		Release|Any CPU = Release|Any CPU
	EndGlobalSection
	GlobalSection(ProjectConfigurationPlatforms) = postSolution
		{48E90A85-9A5C-4FF1-99AA-302A0FF5447E}.Debug|Any CPU.ActiveCfg = Debug|Any CPU
		{48E90A85-9A5C-4FF1-99AA-302A0FF5447E}.Debug|Any CPU.Build.0 = Debug|Any CPU
		{48E90A85-9A5C-4FF1-99AA-302A0FF5447E}.Release|Any CPU.ActiveCfg = Release|Any CPU
		{48E90A85-9A5C-4FF1-99AA-302A0FF5447E}.Release|Any CPU.Build.0 = Release|Any CPU
	EndGlobalSection
	GlobalSection(SolutionProperties) = preSolution
		HideSolutionNode = FALSE
	EndGlobalSection
	GlobalSection(ExtensibilityGlobals) = postSolution
		SolutionGuid = {FDF9EEA8-5A7C-47F8-870F-1049C65AE929}
	EndGlobalSection
EndGlobal
